
Microsoft Visual Studio Solution File, Format Version 12.00
# Visual Studio 15
VisualStudioVersion = 15.0.28010.2016
MinimumVisualStudioVersion = 10.0.40219.1
Project("{FAE04EC0-301F-11D3-BF4B-00C04F79EFBC}") = "CottonCandy", "CottonCandy\CottonCandy.csproj", "{A7AD9825-6368-4C47-BAD2-C405DC19C502}"
EndProject
Global
	GlobalSection(SolutionConfigurationPlatforms) = preSolution
		Debug|Any CPU = Debug|Any CPU
		Release|Any CPU = Release|Any CPU
	EndGlobalSection
	GlobalSection(ProjectConfigurationPlatforms) = postSolution
		{A7AD9825-6368-4C47-BAD2-C405DC19C502}.Debug|Any CPU.ActiveCfg = Debug|Any CPU
		{A7AD9825-6368-4C47-BAD2-C405DC19C502}.Debug|Any CPU.Build.0 = Debug|Any CPU
		{A7AD9825-6368-4C47-BAD2-C405DC19C502}.Release|Any CPU.ActiveCfg = Release|Any CPU
		{A7AD9825-6368-4C47-BAD2-C405DC19C502}.Release|Any CPU.Build.0 = Release|Any CPU
	EndGlobalSection
	GlobalSection(SolutionProperties) = preSolution
		HideSolutionNode = FALSE
	EndGlobalSection
	GlobalSection(ExtensibilityGlobals) = postSolution
		SolutionGuid = {F9718A99-1BF9-404E-AF42-14A4EA458709}
	EndGlobalSection
EndGlobal
